
Microsoft Visual Studio Solution File, Format Version 12.00
# Visual Studio 15
VisualStudioVersion = 15.0.27004.2002
MinimumVisualStudioVersion = 10.0.40219.1
Project("{FAE04EC0-301F-11D3-BF4B-00C04F79EFBC}") = "GenetischeAlgorithmus", "GenetischeAlgorithmus.csproj", "{AEE33BC5-F4E6-4C17-B7B5-91E33E6F3C8E}"
EndProject
Global
	GlobalSection(SolutionConfigurationPlatforms) = preSolution
		Debug|Any CPU = Debug|Any CPU
		Release|Any CPU = Release|Any CPU
	EndGlobalSection
	GlobalSection(ProjectConfigurationPlatforms) = postSolution
		{AEE33BC5-F4E6-4C17-B7B5-91E33E6F3C8E}.Debug|Any CPU.ActiveCfg = Debug|Any CPU
		{AEE33BC5-F4E6-4C17-B7B5-91E33E6F3C8E}.Debug|Any CPU.Build.0 = Debug|Any CPU
		{AEE33BC5-F4E6-4C17-B7B5-91E33E6F3C8E}.Release|Any CPU.ActiveCfg = Release|Any CPU
		{AEE33BC5-F4E6-4C17-B7B5-91E33E6F3C8E}.Release|Any CPU.Build.0 = Release|Any CPU
	EndGlobalSection
	GlobalSection(SolutionProperties) = preSolution
		HideSolutionNode = FALSE
	EndGlobalSection
	GlobalSection(ExtensibilityGlobals) = postSolution
		SolutionGuid = {7713799B-A4F5-420D-8F06-9E7E257CA667}
	EndGlobalSection
EndGlobal
